Microsoft Visual Studio Solution File, Format Version 12.00
# Visual Studio 2012
Project("{8BC9CEB8-8B4A-11D0-8D11-00A0C91BC942}") = "Meet", "Meet.vcxproj", "{BD4F0FDB-EAD0-429C-BEF1-DECD213838B5}"
EndProject
Project("{8BC9CEB8-8B4A-11D0-8D11-00A0C91BC942}") = "TestSubtitle", "..\..\..\..\..\..\..\subtitle2\build\win32\TestSubtitle\TestSubtitle.vcxproj", "{26D137A6-2569-472C-8FCA-868871ABC18D}"
EndProject
Global
	GlobalSection(SolutionConfigurationPlatforms) = preSolution
		Debug|Win32 = Debug|Win32
		Release|Win32 = Release|Win32
	EndGlobalSection
	GlobalSection(ProjectConfigurationPlatforms) = postSolution
		{BD4F0FDB-EAD0-429C-BEF1-DECD213838B5}.Debug|Win32.ActiveCfg = Debug|Win32
		{BD4F0FDB-EAD0-429C-BEF1-DECD213838B5}.Debug|Win32.Build.0 = Debug|Win32
		{BD4F0FDB-EAD0-429C-BEF1-DECD213838B5}.Release|Win32.ActiveCfg = Release|Win32
		{BD4F0FDB-EAD0-429C-BEF1-DECD213838B5}.Release|Win32.Build.0 = Release|Win32
		{26D137A6-2569-472C-8FCA-868871ABC18D}.Debug|Win32.ActiveCfg = Debug|Win32
		{26D137A6-2569-472C-8FCA-868871ABC18D}.Debug|Win32.Build.0 = Debug|Win32
		{26D137A6-2569-472C-8FCA-868871ABC18D}.Release|Win32.ActiveCfg = Release|Win32
		{26D137A6-2569-472C-8FCA-868871ABC18D}.Release|Win32.Build.0 = Release|Win32
	EndGlobalSection
	GlobalSection(SolutionProperties) = preSolution
		HideSolutionNode = FALSE
	EndGlobalSection
EndGlobal
